
Microsoft Visual Studio Solution File, Format Version 12.00
# Visual Studio Version 17
VisualStudioVersion = 17.3.32901.215
MinimumVisualStudioVersion = 10.0.40219.1
Project("{FAE04EC0-301F-11D3-BF4B-00C04F79EFBC}") = "Actividad2_DAW_Tema6", "Actividad2_DAW_Tema6.csproj", "{FE549FE3-52C4-40C2-A731-712EF1B148AA}"
EndProject
Global
	GlobalSection(SolutionConfigurationPlatforms) = preSolution
		Debug|Any CPU = Debug|Any CPU
		Release|Any CPU = Release|Any CPU
	EndGlobalSection
	GlobalSection(ProjectConfigurationPlatforms) = postSolution
		{FE549FE3-52C4-40C2-A731-712EF1B148AA}.Debug|Any CPU.ActiveCfg = Debug|Any CPU
		{FE549FE3-52C4-40C2-A731-712EF1B148AA}.Debug|Any CPU.Build.0 = Debug|Any CPU
		{FE549FE3-52C4-40C2-A731-712EF1B148AA}.Release|Any CPU.ActiveCfg = Release|Any CPU
		{FE549FE3-52C4-40C2-A731-712EF1B148AA}.Release|Any CPU.Build.0 = Release|Any CPU
	EndGlobalSection
	GlobalSection(SolutionProperties) = preSolution
		HideSolutionNode = FALSE
	EndGlobalSection
	GlobalSection(ExtensibilityGlobals) = postSolution
		SolutionGuid = {9DA25A5E-BDA7-421A-BFE9-A2EEFE30D89B}
	EndGlobalSection
EndGlobal
